
Microsoft Visual Studio Solution File, Format Version 12.00
# Visual Studio Version 17
VisualStudioVersion = 17.0.31825.309
MinimumVisualStudioVersion = 10.0.40219.1
Project("{9A19103F-16F7-4668-BE54-9A1E7A4F7556}") = "Uno.Core.Tests", "Uno.Core.Tests\Uno.Core.Tests.csproj", "{B554D7E4-17FC-4909-BA06-80B5B2FB0BD1}"
EndProject
Project("{9A19103F-16F7-4668-BE54-9A1E7A4F7556}") = "Uno.Core", "Uno.Core\Uno.Core.csproj", "{ABB4F177-6966-4C24-A465-A5E941A70680}"
EndProject
Project("{9A19103F-16F7-4668-BE54-9A1E7A4F7556}") = "Uno.Core.Build", "Uno.Core.Build\Uno.Core.Build.csproj", "{E414AC61-1BED-458E-A78C-868514DDA1A2}"
EndProject
Project("{9A19103F-16F7-4668-BE54-9A1E7A4F7556}") = "Uno.Core.Extensions.Threading", "Uno.Core.Extensions.Threading\Uno.Core.Extensions.Threading.csproj", "{561CB8E1-BE92-4020-9442-434D3E390E78}"
EndProject
Project("{9A19103F-16F7-4668-BE54-9A1E7A4F7556}") = "Uno.Core.Extensions.Logging", "Uno.Core.Extensions.Logging\Uno.Core.Extensions.Logging.csproj", "{1216DC72-96D6-4F88-8A3D-B983BBC35462}"
EndProject
Project("{9A19103F-16F7-4668-BE54-9A1E7A4F7556}") = "Uno.Core.Extensions.Disposables", "Uno.Core.Extensions.Disposables\Uno.Core.Extensions.Disposables.csproj", "{D6536F1A-5022-45DD-B994-D583C38E25E3}"
EndProject
Project("{9A19103F-16F7-4668-BE54-9A1E7A4F7556}") = "Uno.Core.Extensions.Collections", "Uno.Core.Extensions.Collections\Uno.Core.Extensions.Collections.csproj", "{DE2A60B5-C43B-4BBE-A349-1B39FC90393E}"
EndProject
Project("{9A19103F-16F7-4668-BE54-9A1E7A4F7556}") = "Uno.Core.Extensions.Equality", "Uno.Core.Extensions.Equality\Uno.Core.Extensions.Equality.csproj", "{BBC3D202-15A2-494D-BFFF-2A232973CF42}"
EndProject
Project("{9A19103F-16F7-4668-BE54-9A1E7A4F7556}") = "Uno.Core.Extensions", "Uno.Core.Extensions\Uno.Core.Extensions.csproj", "{AC69B5B0-430F-4926-BE0D-8F49E43A40B1}"
EndProject
Project("{9A19103F-16F7-4668-BE54-9A1E7A4F7556}") = "Uno.Core.Extensions.Logging.Singleton", "Uno.Core.Extensions.Logging.Singleton\Uno.Core.Extensions.Logging.Singleton.csproj", "{3C89A174-E48B-40F4-8280-71496FC15648}"
EndProject
Project("{9A19103F-16F7-4668-BE54-9A1E7A4F7556}") = "Uno.Core.Extensions.Compatibility", "Uno.Core.Extensions.Compatibility\Uno.Core.Extensions.Compatibility.csproj", "{7CFC3D03-5075-4C0F-82F5-C2930479F0EE}"
EndProject
Global
	GlobalSection(SolutionConfigurationPlatforms) = preSolution
		Debug|Any CPU = Debug|Any CPU
		Debug|ARM = Debug|ARM
		Debug|x64 = Debug|x64
		Debug|x86 = Debug|x86
		Release|Any CPU = Release|Any CPU
		Release|ARM = Release|ARM
		Release|x64 = Release|x64
		Release|x86 = Release|x86
	EndGlobalSection
	GlobalSection(ProjectConfigurationPlatforms) = postSolution
		{B554D7E4-17FC-4909-BA06-80B5B2FB0BD1}.Debug|Any CPU.ActiveCfg = Debug|Any CPU
		{B554D7E4-17FC-4909-BA06-80B5B2FB0BD1}.Debug|Any CPU.Build.0 = Debug|Any CPU
		{B554D7E4-17FC-4909-BA06-80B5B2FB0BD1}.Debug|ARM.ActiveCfg = Debug|Any CPU
		{B554D7E4-17FC-4909-BA06-80B5B2FB0BD1}.Debug|ARM.Build.0 = Debug|Any CPU
		{B554D7E4-17FC-4909-BA06-80B5B2FB0BD1}.Debug|x64.ActiveCfg = Debug|Any CPU
		{B554D7E4-17FC-4909-BA06-80B5B2FB0BD1}.Debug|x64.Build.0 = Debug|Any CPU
		{B554D7E4-17FC-4909-BA06-80B5B2FB0BD1}.Debug|x86.ActiveCfg = Debug|Any CPU
		{B554D7E4-17FC-4909-BA06-80B5B2FB0BD1}.Debug|x86.Build.0 = Debug|Any CPU
		{B554D7E4-17FC-4909-BA06-80B5B2FB0BD1}.Release|Any CPU.ActiveCfg = Release|Any CPU
		{B554D7E4-17FC-4909-BA06-80B5B2FB0BD1}.Release|Any CPU.Build.0 = Release|Any CPU
		{B554D7E4-17FC-4909-BA06-80B5B2FB0BD1}.Release|ARM.ActiveCfg = Release|Any CPU
		{B554D7E4-17FC-4909-BA06-80B5B2FB0BD1}.Release|ARM.Build.0 = Release|Any CPU
		{B554D7E4-17FC-4909-BA06-80B5B2FB0BD1}.Release|x64.ActiveCfg = Release|Any CPU
		{B554D7E4-17FC-4909-BA06-80B5B2FB0BD1}.Release|x64.Build.0 = Release|Any CPU
		{B554D7E4-17FC-4909-BA06-80B5B2FB0BD1}.Release|x86.ActiveCfg = Release|Any CPU
		{B554D7E4-17FC-4909-BA06-80B5B2FB0BD1}.Release|x86.Build.0 = Release|Any CPU
		{ABB4F177-6966-4C24-A465-A5E941A70680}.Debug|Any CPU.ActiveCfg = Debug|Any CPU
		{ABB4F177-6966-4C24-A465-A5E941A70680}.Debug|Any CPU.Build.0 = Debug|Any CPU
		{ABB4F177-6966-4C24-A465-A5E941A70680}.Debug|ARM.ActiveCfg = Debug|Any CPU
		{ABB4F177-6966-4C24-A465-A5E941A70680}.Debug|ARM.Build.0 = Debug|Any CPU
		{ABB4F177-6966-4C24-A465-A5E941A70680}.Debug|x64.ActiveCfg = Debug|Any CPU
		{ABB4F177-6966-4C24-A465-A5E941A70680}.Debug|x64.Build.0 = Debug|Any CPU
		{ABB4F177-6966-4C24-A465-A5E941A70680}.Debug|x86.ActiveCfg = Debug|Any CPU
		{ABB4F177-6966-4C24-A465-A5E941A70680}.Debug|x86.Build.0 = Debug|Any CPU
		{ABB4F177-6966-4C24-A465-A5E941A70680}.Release|Any CPU.ActiveCfg = Release|Any CPU
		{ABB4F177-6966-4C24-A465-A5E941A70680}.Release|Any CPU.Build.0 = Release|Any CPU
		{ABB4F177-6966-4C24-A465-A5E941A70680}.Release|ARM.ActiveCfg = Release|Any CPU
		{ABB4F177-6966-4C24-A465-A5E941A70680}.Release|ARM.Build.0 = Release|Any CPU
		{ABB4F177-6966-4C24-A465-A5E941A70680}.Release|x64.ActiveCfg = Release|Any CPU
		{ABB4F177-6966-4C24-A465-A5E941A70680}.Release|x64.Build.0 = Release|Any CPU
		{ABB4F177-6966-4C24-A465-A5E941A70680}.Release|x86.ActiveCfg = Release|Any CPU
		{ABB4F177-6966-4C24-A465-A5E941A70680}.Release|x86.Build.0 = Release|Any CPU
		{E414AC61-1BED-458E-A78C-868514DDA1A2}.Debug|Any CPU.ActiveCfg = Debug|Any CPU
		{E414AC61-1BED-458E-A78C-868514DDA1A2}.Debug|Any CPU.Build.0 = Debug|Any CPU
		{E414AC61-1BED-458E-A78C-868514DDA1A2}.Debug|ARM.ActiveCfg = Debug|Any CPU
		{E414AC61-1BED-458E-A78C-868514DDA1A2}.Debug|ARM.Build.0 = Debug|Any CPU
		{E414AC61-1BED-458E-A78C-868514DDA1A2}.Debug|x64.ActiveCfg = Debug|Any CPU
		{E414AC61-1BED-458E-A78C-868514DDA1A2}.Debug|x64.Build.0 = Debug|Any CPU
		{E414AC61-1BED-458E-A78C-868514DDA1A2}.Debug|x86.ActiveCfg = Debug|Any CPU
		{E414AC61-1BED-458E-A78C-868514DDA1A2}.Debug|x86.Build.0 = Debug|Any CPU
		{E414AC61-1BED-458E-A78C-868514DDA1A2}.Release|Any CPU.ActiveCfg = Release|Any CPU
		{E414AC61-1BED-458E-A78C-868514DDA1A2}.Release|Any CPU.Build.0 = Release|Any CPU
		{E414AC61-1BED-458E-A78C-868514DDA1A2}.Release|ARM.ActiveCfg = Release|Any CPU
		{E414AC61-1BED-458E-A78C-868514DDA1A2}.Release|ARM.Build.0 = Release|Any CPU
		{E414AC61-1BED-458E-A78C-868514DDA1A2}.Release|x64.ActiveCfg = Release|Any CPU
		{E414AC61-1BED-458E-A78C-868514DDA1A2}.Release|x64.Build.0 = Release|Any CPU
		{E414AC61-1BED-458E-A78C-868514DDA1A2}.Release|x86.ActiveCfg = Release|Any CPU
		{E414AC61-1BED-458E-A78C-868514DDA1A2}.Release|x86.Build.0 = Release|Any CPU
		{561CB8E1-BE92-4020-9442-434D3E390E78}.Debug|Any CPU.ActiveCfg = Debug|Any CPU
		{561CB8E1-BE92-4020-9442-434D3E390E78}.Debug|Any CPU.Build.0 = Debug|Any CPU
		{561CB8E1-BE92-4020-9442-434D3E390E78}.Debug|ARM.ActiveCfg = Debug|Any CPU
		{561CB8E1-BE92-4020-9442-434D3E390E78}.Debug|ARM.Build.0 = Debug|Any CPU
		{561CB8E1-BE92-4020-9442-434D3E390E78}.Debug|x64.ActiveCfg = Debug|Any CPU
		{561CB8E1-BE92-4020-9442-434D3E390E78}.Debug|x64.Build.0 = Debug|Any CPU
		{561CB8E1-BE92-4020-9442-434D3E390E78}.Debug|x86.ActiveCfg = Debug|Any CPU
		{561CB8E1-BE92-4020-9442-434D3E390E78}.Debug|x86.Build.0 = Debug|Any CPU
		{561CB8E1-BE92-4020-9442-434D3E390E78}.Release|Any CPU.ActiveCfg = Release|Any CPU
		{561CB8E1-BE92-4020-9442-434D3E390E78}.Release|Any CPU.Build.0 = Release|Any CPU
		{561CB8E1-BE92-4020-9442-434D3E390E78}.Release|ARM.ActiveCfg = Release|Any CPU
		{561CB8E1-BE92-4020-9442-434D3E390E78}.Release|ARM.Build.0 = Release|Any CPU
		{561CB8E1-BE92-4020-9442-434D3E390E78}.Release|x64.ActiveCfg = Release|Any CPU
		{561CB8E1-BE92-4020-9442-434D3E390E78}.Release|x64.Build.0 = Release|Any CPU
		{561CB8E1-BE92-4020-9442-434D3E390E78}.Release|x86.ActiveCfg = Release|Any CPU
		{561CB8E1-BE92-4020-9442-434D3E390E78}.Release|x86.Build.0 = Release|Any CPU
		{1216DC72-96D6-4F88-8A3D-B983BBC35462}.Debug|Any CPU.ActiveCfg = Debug|Any CPU
		{1216DC72-96D6-4F88-8A3D-B983BBC35462}.Debug|Any CPU.Build.0 = Debug|Any CPU
		{1216DC72-96D6-4F88-8A3D-B983BBC35462}.Debug|ARM.ActiveCfg = Debug|Any CPU
		{1216DC72-96D6-4F88-8A3D-B983BBC35462}.Debug|ARM.Build.0 = Debug|Any CPU
		{1216DC72-96D6-4F88-8A3D-B983BBC35462}.Debug|x64.ActiveCfg = Debug|Any CPU
		{1216DC72-96D6-4F88-8A3D-B983BBC35462}.Debug|x64.Build.0 = Debug|Any CPU
		{1216DC72-96D6-4F88-8A3D-B983BBC35462}.Debug|x86.ActiveCfg = Debug|Any CPU
		{1216DC72-96D6-4F88-8A3D-B983BBC35462}.Debug|x86.Build.0 = Debug|Any CPU
		{1216DC72-96D6-4F88-8A3D-B983BBC35462}.Release|Any CPU.ActiveCfg = Release|Any CPU
		{1216DC72-96D6-4F88-8A3D-B983BBC35462}.Release|Any CPU.Build.0 = Release|Any CPU
		{1216DC72-96D6-4F88-8A3D-B983BBC35462}.Release|ARM.ActiveCfg = Release|Any CPU
		{1216DC72-96D6-4F88-8A3D-B983BBC35462}.Release|ARM.Build.0 = Release|Any CPU
		{1216DC72-96D6-4F88-8A3D-B983BBC35462}.Release|x64.ActiveCfg = Release|Any CPU
		{1216DC72-96D6-4F88-8A3D-B983BBC35462}.Release|x64.Build.0 = Release|Any CPU
		{1216DC72-96D6-4F88-8A3D-B983BBC35462}.Release|x86.ActiveCfg = Release|Any CPU
		{1216DC72-96D6-4F88-8A3D-B983BBC35462}.Release|x86.Build.0 = Release|Any CPU
		{D6536F1A-5022-45DD-B994-D583C38E25E3}.Debug|Any CPU.ActiveCfg = Debug|Any CPU
		{D6536F1A-5022-45DD-B994-D583C38E25E3}.Debug|Any CPU.Build.0 = Debug|Any CPU
		{D6536F1A-5022-45DD-B994-D583C38E25E3}.Debug|ARM.ActiveCfg = Debug|Any CPU
		{D6536F1A-5022-45DD-B994-D583C38E25E3}.Debug|ARM.Build.0 = Debug|Any CPU
		{D6536F1A-5022-45DD-B994-D583C38E25E3}.Debug|x64.ActiveCfg = Debug|Any CPU
		{D6536F1A-5022-45DD-B994-D583C38E25E3}.Debug|x64.Build.0 = Debug|Any CPU
		{D6536F1A-5022-45DD-B994-D583C38E25E3}.Debug|x86.ActiveCfg = Debug|Any CPU
		{D6536F1A-5022-45DD-B994-D583C38E25E3}.Debug|x86.Build.0 = Debug|Any CPU
		{D6536F1A-5022-45DD-B994-D583C38E25E3}.Release|Any CPU.ActiveCfg = Release|Any CPU
		{D6536F1A-5022-45DD-B994-D583C38E25E3}.Release|Any CPU.Build.0 = Release|Any CPU
		{D6536F1A-5022-45DD-B994-D583C38E25E3}.Release|ARM.ActiveCfg = Release|Any CPU
		{D6536F1A-5022-45DD-B994-D583C38E25E3}.Release|ARM.Build.0 = Release|Any CPU
		{D6536F1A-5022-45DD-B994-D583C38E25E3}.Release|x64.ActiveCfg = Release|Any CPU
		{D6536F1A-5022-45DD-B994-D583C38E25E3}.Release|x64.Build.0 = Release|Any CPU
		{D6536F1A-5022-45DD-B994-D583C38E25E3}.Release|x86.ActiveCfg = Release|Any CPU
		{D6536F1A-5022-45DD-B994-D583C38E25E3}.Release|x86.Build.0 = Release|Any CPU
		{DE2A60B5-C43B-4BBE-A349-1B39FC90393E}.Debug|Any CPU.ActiveCfg = Debug|Any CPU
		{DE2A60B5-C43B-4BBE-A349-1B39FC90393E}.Debug|Any CPU.Build.0 = Debug|Any CPU
		{DE2A60B5-C43B-4BBE-A349-1B39FC90393E}.Debug|ARM.ActiveCfg = Debug|Any CPU
		{DE2A60B5-C43B-4BBE-A349-1B39FC90393E}.Debug|ARM.Build.0 = Debug|Any CPU
		{DE2A60B5-C43B-4BBE-A349-1B39FC90393E}.Debug|x64.ActiveCfg = Debug|Any CPU
		{DE2A60B5-C43B-4BBE-A349-1B39FC90393E}.Debug|x64.Build.0 = Debug|Any CPU
		{DE2A60B5-C43B-4BBE-A349-1B39FC90393E}.Debug|x86.ActiveCfg = Debug|Any CPU
		{DE2A60B5-C43B-4BBE-A349-1B39FC90393E}.Debug|x86.Build.0 = Debug|Any CPU
		{DE2A60B5-C43B-4BBE-A349-1B39FC90393E}.Release|Any CPU.ActiveCfg = Release|Any CPU
		{DE2A60B5-C43B-4BBE-A349-1B39FC90393E}.Release|Any CPU.Build.0 = Release|Any CPU
		{DE2A60B5-C43B-4BBE-A349-1B39FC90393E}.Release|ARM.ActiveCfg = Release|Any CPU
		{DE2A60B5-C43B-4BBE-A349-1B39FC90393E}.Release|ARM.Build.0 = Release|Any CPU
		{DE2A60B5-C43B-4BBE-A349-1B39FC90393E}.Release|x64.ActiveCfg = Release|Any CPU
		{DE2A60B5-C43B-4BBE-A349-1B39FC90393E}.Release|x64.Build.0 = Release|Any CPU
		{DE2A60B5-C43B-4BBE-A349-1B39FC90393E}.Release|x86.ActiveCfg = Release|Any CPU
		{DE2A60B5-C43B-4BBE-A349-1B39FC90393E}.Release|x86.Build.0 = Release|Any CPU
		{BBC3D202-15A2-494D-BFFF-2A232973CF42}.Debug|Any CPU.ActiveCfg = Debug|Any CPU
		{BBC3D202-15A2-494D-BFFF-2A232973CF42}.Debug|Any CPU.Build.0 = Debug|Any CPU
		{BBC3D202-15A2-494D-BFFF-2A232973CF42}.Debug|ARM.ActiveCfg = Debug|Any CPU
		{BBC3D202-15A2-494D-BFFF-2A232973CF42}.Debug|ARM.Build.0 = Debug|Any CPU
		{BBC3D202-15A2-494D-BFFF-2A232973CF42}.Debug|x64.ActiveCfg = Debug|Any CPU
		{BBC3D202-15A2-494D-BFFF-2A232973CF42}.Debug|x64.Build.0 = Debug|Any CPU
		{BBC3D202-15A2-494D-BFFF-2A232973CF42}.Debug|x86.ActiveCfg = Debug|Any CPU
		{BBC3D202-15A2-494D-BFFF-2A232973CF42}.Debug|x86.Build.0 = Debug|Any CPU
		{BBC3D202-15A2-494D-BFFF-2A232973CF42}.Release|Any CPU.ActiveCfg = Release|Any CPU
		{BBC3D202-15A2-494D-BFFF-2A232973CF42}.Release|Any CPU.Build.0 = Release|Any CPU
		{BBC3D202-15A2-494D-BFFF-2A232973CF42}.Release|ARM.ActiveCfg = Release|Any CPU
		{BBC3D202-15A2-494D-BFFF-2A232973CF42}.Release|ARM.Build.0 = Release|Any CPU
		{BBC3D202-15A2-494D-BFFF-2A232973CF42}.Release|x64.ActiveCfg = Release|Any CPU
		{BBC3D202-15A2-494D-BFFF-2A232973CF42}.Release|x64.Build.0 = Release|Any CPU
		{BBC3D202-15A2-494D-BFFF-2A232973CF42}.Release|x86.ActiveCfg = Release|Any CPU
		{BBC3D202-15A2-494D-BFFF-2A232973CF42}.Release|x86.Build.0 = Release|Any CPU
		{AC69B5B0-430F-4926-BE0D-8F49E43A40B1}.Debug|Any CPU.ActiveCfg = Debug|Any CPU
		{AC69B5B0-430F-4926-BE0D-8F49E43A40B1}.Debug|Any CPU.Build.0 = Debug|Any CPU
		{AC69B5B0-430F-4926-BE0D-8F49E43A40B1}.Debug|ARM.ActiveCfg = Debug|Any CPU
		{AC69B5B0-430F-4926-BE0D-8F49E43A40B1}.Debug|ARM.Build.0 = Debug|Any CPU
		{AC69B5B0-430F-4926-BE0D-8F49E43A40B1}.Debug|x64.ActiveCfg = Debug|Any CPU
		{AC69B5B0-430F-4926-BE0D-8F49E43A40B1}.Debug|x64.Build.0 = Debug|Any CPU
		{AC69B5B0-430F-4926-BE0D-8F49E43A40B1}.Debug|x86.ActiveCfg = Debug|Any CPU
		{AC69B5B0-430F-4926-BE0D-8F49E43A40B1}.Debug|x86.Build.0 = Debug|Any CPU
		{AC69B5B0-430F-4926-BE0D-8F49E43A40B1}.Release|Any CPU.ActiveCfg = Release|Any CPU
		{AC69B5B0-430F-4926-BE0D-8F49E43A40B1}.Release|Any CPU.Build.0 = Release|Any CPU
		{AC69B5B0-430F-4926-BE0D-8F49E43A40B1}.Release|ARM.ActiveCfg = Release|Any CPU
		{AC69B5B0-430F-4926-BE0D-8F49E43A40B1}.Release|ARM.Build.0 = Release|Any CPU
		{AC69B5B0-430F-4926-BE0D-8F49E43A40B1}.Release|x64.ActiveCfg = Release|Any CPU
		{AC69B5B0-430F-4926-BE0D-8F49E43A40B1}.Release|x64.Build.0 = Release|Any CPU
		{AC69B5B0-430F-4926-BE0D-8F49E43A40B1}.Release|x86.ActiveCfg = Release|Any CPU
		{AC69B5B0-430F-4926-BE0D-8F49E43A40B1}.Release|x86.Build.0 = Release|Any CPU
		{3C89A174-E48B-40F4-8280-71496FC15648}.Debug|Any CPU.ActiveCfg = Debug|Any CPU
		{3C89A174-E48B-40F4-8280-71496FC15648}.Debug|Any CPU.Build.0 = Debug|Any CPU
		{3C89A174-E48B-40F4-8280-71496FC15648}.Debug|ARM.ActiveCfg = Debug|Any CPU
		{3C89A174-E48B-40F4-8280-71496FC15648}.Debug|ARM.Build.0 = Debug|Any CPU
		{3C89A174-E48B-40F4-8280-71496FC15648}.Debug|x64.ActiveCfg = Debug|Any CPU
		{3C89A174-E48B-40F4-8280-71496FC15648}.Debug|x64.Build.0 = Debug|Any CPU
		{3C89A174-E48B-40F4-8280-71496FC15648}.Debug|x86.ActiveCfg = Debug|Any CPU
		{3C89A174-E48B-40F4-8280-71496FC15648}.Debug|x86.Build.0 = Debug|Any CPU
		{3C89A174-E48B-40F4-8280-71496FC15648}.Release|Any CPU.ActiveCfg = Release|Any CPU
		{3C89A174-E48B-40F4-8280-71496FC15648}.Release|Any CPU.Build.0 = Release|Any CPU
		{3C89A174-E48B-40F4-8280-71496FC15648}.Release|ARM.ActiveCfg = Release|Any CPU
		{3C89A174-E48B-40F4-8280-71496FC15648}.Release|ARM.Build.0 = Release|Any CPU
		{3C89A174-E48B-40F4-8280-71496FC15648}.Release|x64.ActiveCfg = Release|Any CPU
		{3C89A174-E48B-40F4-8280-71496FC15648}.Release|x64.Build.0 = Release|Any CPU
		{3C89A174-E48B-40F4-8280-71496FC15648}.Release|x86.ActiveCfg = Release|Any CPU
		{3C89A174-E48B-40F4-8280-71496FC15648}.Release|x86.Build.0 = Release|Any CPU
		{7CFC3D03-5075-4C0F-82F5-C2930479F0EE}.Debug|Any CPU.ActiveCfg = Debug|Any CPU
		{7CFC3D03-5075-4C0F-82F5-C2930479F0EE}.Debug|Any CPU.Build.0 = Debug|Any CPU
		{7CFC3D03-5075-4C0F-82F5-C2930479F0EE}.Debug|ARM.ActiveCfg = Debug|Any CPU
		{7CFC3D03-5075-4C0F-82F5-C2930479F0EE}.Debug|ARM.Build.0 = Debug|Any CPU
		{7CFC3D03-5075-4C0F-82F5-C2930479F0EE}.Debug|x64.ActiveCfg = Debug|Any CPU
		{7CFC3D03-5075-4C0F-82F5-C2930479F0EE}.Debug|x64.Build.0 = Debug|Any CPU
		{7CFC3D03-5075-4C0F-82F5-C2930479F0EE}.Debug|x86.ActiveCfg = Debug|Any CPU
		{7CFC3D03-5075-4C0F-82F5-C2930479F0EE}.Debug|x86.Build.0 = Debug|Any CPU
		{7CFC3D03-5075-4C0F-82F5-C2930479F0EE}.Release|Any CPU.ActiveCfg = Release|Any CPU
		{7CFC3D03-5075-4C0F-82F5-C2930479F0EE}.Release|Any CPU.Build.0 = Release|Any CPU
		{7CFC3D03-5075-4C0F-82F5-C2930479F0EE}.Release|ARM.ActiveCfg = Release|Any CPU
		{7CFC3D03-5075-4C0F-82F5-C2930479F0EE}.Release|ARM.Build.0 = Release|Any CPU
		{7CFC3D03-5075-4C0F-82F5-C2930479F0EE}.Release|x64.ActiveCfg = Release|Any CPU
		{7CFC3D03-5075-4C0F-82F5-C2930479F0EE}.Release|x64.Build.0 = Release|Any CPU
		{7CFC3D03-5075-4C0F-82F5-C2930479F0EE}.Release|x86.ActiveCfg = Release|Any CPU
		{7CFC3D03-5075-4C0F-82F5-C2930479F0EE}.Release|x86.Build.0 = Release|Any CPU
	EndGlobalSection
	GlobalSection(SolutionProperties) = preSolution
		HideSolutionNode = FALSE
	EndGlobalSection
	GlobalSection(ExtensibilityGlobals) = postSolution
		SolutionGuid = {9F663DEC-A145-475E-A087-347FF527750D}
	EndGlobalSection
EndGlobal
